
Microsoft Visual Studio Solution File, Format Version 12.00
# Visual Studio 15
VisualStudioVersion = 15.0.28010.2046
MinimumVisualStudioVersion = 10.0.40219.1
Project("{FAE04EC0-301F-11D3-BF4B-00C04F79EFBC}") = "Worktile.Tethys", "Worktile.Tethys\Worktile.Tethys.csproj", "{603175B4-99DC-4390-99F3-0F868D0C30E2}"
EndProject
Project("{FAE04EC0-301F-11D3-BF4B-00C04F79EFBC}") = "Worktile.Tethys.Sample", "Worktile.Tethys.Sample\Worktile.Tethys.Sample.csproj", "{379145AF-4042-452E-B6D0-DA74FFD8B4E4}"
EndProject
Global
	GlobalSection(SolutionConfigurationPlatforms) = preSolution
		Debug|Any CPU = Debug|Any CPU
		Debug|ARM = Debug|ARM
		Debug|ARM64 = Debug|ARM64
		Debug|x64 = Debug|x64
		Debug|x86 = Debug|x86
		Release|Any CPU = Release|Any CPU
		Release|ARM = Release|ARM
		Release|ARM64 = Release|ARM64
		Release|x64 = Release|x64
		Release|x86 = Release|x86
	EndGlobalSection
	GlobalSection(ProjectConfigurationPlatforms) = postSolution
		{603175B4-99DC-4390-99F3-0F868D0C30E2}.Debug|Any CPU.ActiveCfg = Debug|Any CPU
		{603175B4-99DC-4390-99F3-0F868D0C30E2}.Debug|Any CPU.Build.0 = Debug|Any CPU
		{603175B4-99DC-4390-99F3-0F868D0C30E2}.Debug|ARM.ActiveCfg = Debug|ARM
		{603175B4-99DC-4390-99F3-0F868D0C30E2}.Debug|ARM.Build.0 = Debug|ARM
		{603175B4-99DC-4390-99F3-0F868D0C30E2}.Debug|ARM64.ActiveCfg = Debug|ARM64
		{603175B4-99DC-4390-99F3-0F868D0C30E2}.Debug|ARM64.Build.0 = Debug|ARM64
		{603175B4-99DC-4390-99F3-0F868D0C30E2}.Debug|x64.ActiveCfg = Debug|x64
		{603175B4-99DC-4390-99F3-0F868D0C30E2}.Debug|x64.Build.0 = Debug|x64
		{603175B4-99DC-4390-99F3-0F868D0C30E2}.Debug|x86.ActiveCfg = Debug|x86
		{603175B4-99DC-4390-99F3-0F868D0C30E2}.Debug|x86.Build.0 = Debug|x86
		{603175B4-99DC-4390-99F3-0F868D0C30E2}.Release|Any CPU.ActiveCfg = Release|Any CPU
		{603175B4-99DC-4390-99F3-0F868D0C30E2}.Release|Any CPU.Build.0 = Release|Any CPU
		{603175B4-99DC-4390-99F3-0F868D0C30E2}.Release|ARM.ActiveCfg = Release|ARM
		{603175B4-99DC-4390-99F3-0F868D0C30E2}.Release|ARM.Build.0 = Release|ARM
		{603175B4-99DC-4390-99F3-0F868D0C30E2}.Release|ARM64.ActiveCfg = Release|ARM64
		{603175B4-99DC-4390-99F3-0F868D0C30E2}.Release|ARM64.Build.0 = Release|ARM64
		{603175B4-99DC-4390-99F3-0F868D0C30E2}.Release|x64.ActiveCfg = Release|x64
		{603175B4-99DC-4390-99F3-0F868D0C30E2}.Release|x64.Build.0 = Release|x64
		{603175B4-99DC-4390-99F3-0F868D0C30E2}.Release|x86.ActiveCfg = Release|x86
		{603175B4-99DC-4390-99F3-0F868D0C30E2}.Release|x86.Build.0 = Release|x86
		{379145AF-4042-452E-B6D0-DA74FFD8B4E4}.Debug|Any CPU.ActiveCfg = Debug|x86
		{379145AF-4042-452E-B6D0-DA74FFD8B4E4}.Debug|ARM.ActiveCfg = Debug|ARM
		{379145AF-4042-452E-B6D0-DA74FFD8B4E4}.Debug|ARM.Build.0 = Debug|ARM
		{379145AF-4042-452E-B6D0-DA74FFD8B4E4}.Debug|ARM.Deploy.0 = Debug|ARM
		{379145AF-4042-452E-B6D0-DA74FFD8B4E4}.Debug|ARM64.ActiveCfg = Debug|ARM64
		{379145AF-4042-452E-B6D0-DA74FFD8B4E4}.Debug|ARM64.Build.0 = Debug|ARM64
		{379145AF-4042-452E-B6D0-DA74FFD8B4E4}.Debug|ARM64.Deploy.0 = Debug|ARM64
		{379145AF-4042-452E-B6D0-DA74FFD8B4E4}.Debug|x64.ActiveCfg = Debug|x64
		{379145AF-4042-452E-B6D0-DA74FFD8B4E4}.Debug|x64.Build.0 = Debug|x64
		{379145AF-4042-452E-B6D0-DA74FFD8B4E4}.Debug|x64.Deploy.0 = Debug|x64
		{379145AF-4042-452E-B6D0-DA74FFD8B4E4}.Debug|x86.ActiveCfg = Debug|x86
		{379145AF-4042-452E-B6D0-DA74FFD8B4E4}.Debug|x86.Build.0 = Debug|x86
		{379145AF-4042-452E-B6D0-DA74FFD8B4E4}.Debug|x86.Deploy.0 = Debug|x86
		{379145AF-4042-452E-B6D0-DA74FFD8B4E4}.Release|Any CPU.ActiveCfg = Release|x86
		{379145AF-4042-452E-B6D0-DA74FFD8B4E4}.Release|ARM.ActiveCfg = Release|ARM
		{379145AF-4042-452E-B6D0-DA74FFD8B4E4}.Release|ARM.Build.0 = Release|ARM
		{379145AF-4042-452E-B6D0-DA74FFD8B4E4}.Release|ARM.Deploy.0 = Release|ARM
		{379145AF-4042-452E-B6D0-DA74FFD8B4E4}.Release|ARM64.ActiveCfg = Release|ARM64
		{379145AF-4042-452E-B6D0-DA74FFD8B4E4}.Release|ARM64.Build.0 = Release|ARM64
		{379145AF-4042-452E-B6D0-DA74FFD8B4E4}.Release|ARM64.Deploy.0 = Release|ARM64
		{379145AF-4042-452E-B6D0-DA74FFD8B4E4}.Release|x64.ActiveCfg = Release|x64
		{379145AF-4042-452E-B6D0-DA74FFD8B4E4}.Release|x64.Build.0 = Release|x64
		{379145AF-4042-452E-B6D0-DA74FFD8B4E4}.Release|x64.Deploy.0 = Release|x64
		{379145AF-4042-452E-B6D0-DA74FFD8B4E4}.Release|x86.ActiveCfg = Release|x86
		{379145AF-4042-452E-B6D0-DA74FFD8B4E4}.Release|x86.Build.0 = Release|x86
		{379145AF-4042-452E-B6D0-DA74FFD8B4E4}.Release|x86.Deploy.0 = Release|x86
	EndGlobalSection
	GlobalSection(SolutionProperties) = preSolution
		HideSolutionNode = FALSE
	EndGlobalSection
	GlobalSection(ExtensibilityGlobals) = postSolution
		SolutionGuid = {24CD7074-873A-4BAA-BDFA-39ABDF7E1351}
	EndGlobalSection
EndGlobal
